[[package]]
category = "dev"
description = "A decorator for caching properties in classes."
name = "cached-property"
optional = false
python-versions = "*"
version = "1.5.1"

[[package]]
category = "dev"
description = "Foreign Function Interface for Python calling C code."
name = "cffi"
optional = false
python-versions = "*"
version = "1.14.1"

[package.dependencies]
pycparser = "*"

[[package]]
category = "dev"
description = "C parser in Python"
name = "pycparser"
optional = false
python-versions = ">=2.7, !=3.0.*, !=3.1.*, !=3.2.*, !=3.3.*"
version = "2.20"

[[package]]
category = "dev"
description = "Python bindings for libgit2."
name = "pygit2"
optional = false
python-versions = "*"
version = "1.2.1"

[package.dependencies]
cached-property = "*"
cffi = ">=1.4.0"

[metadata]
content-hash = "8690bddb3cf94a396c1ff863c7e0633864f62e97c259e543910f764a9456ca49"
lock-version = "1.0"
python-versions = "*"

[metadata.files]
cached-property = [
    {file = "cached-property-1.5.1.tar.gz", hash = "sha256:9217a59f14a5682da7c4b8829deadbfc194ac22e9908ccf7c8820234e80a1504"},
    {file = "cached_property-1.5.1-py2.py3-none-any.whl", hash = "sha256:3a026f1a54135677e7da5ce819b0c690f156f37976f3e30c5430740725203d7f"},
]
cffi = [
    {file = "cffi-1.14.1-cp27-cp27m-macosx_10_9_x86_64.whl", hash = "sha256:66dd45eb9530e3dde8f7c009f84568bc7cac489b93d04ac86e3111fb46e470c2"},
    {file = "cffi-1.14.1-cp27-cp27m-manylinux1_i686.whl", hash = "sha256:4f53e4128c81ca3212ff4cf097c797ab44646a40b42ec02a891155cd7a2ba4d8"},
    {file = "cffi-1.14.1-cp27-cp27m-manylinux1_x86_64.whl", hash = "sha256:833401b15de1bb92791d7b6fb353d4af60dc688eaa521bd97203dcd2d124a7c1"},
    {file = "cffi-1.14.1-cp27-cp27m-win32.whl", hash = "sha256:26f33e8f6a70c255767e3c3f957ccafc7f1f706b966e110b855bfe944511f1f9"},
    {file = "cffi-1.14.1-cp27-cp27m-win_amd64.whl", hash = "sha256:b87dfa9f10a470eee7f24234a37d1d5f51e5f5fa9eeffda7c282e2b8f5162eb1"},
    {file = "cffi-1.14.1-cp27-cp27mu-manylinux1_i686.whl", hash = "sha256:effd2ba52cee4ceff1a77f20d2a9f9bf8d50353c854a282b8760ac15b9833168"},
    {file = "cffi-1.14.1-cp27-cp27mu-manylinux1_x86_64.whl", hash = "sha256:bac0d6f7728a9cc3c1e06d4fcbac12aaa70e9379b3025b27ec1226f0e2d404cf"},
    {file = "cffi-1.14.1-cp35-cp35m-macosx_10_9_x86_64.whl", hash = "sha256:d6033b4ffa34ef70f0b8086fd4c3df4bf801fee485a8a7d4519399818351aa8e"},
    {file = "cffi-1.14.1-cp35-cp35m-manylinux1_i686.whl", hash = "sha256:8416ed88ddc057bab0526d4e4e9f3660f614ac2394b5e019a628cdfff3733849"},
    {file = "cffi-1.14.1-cp35-cp35m-manylinux1_x86_64.whl", hash = "sha256:892daa86384994fdf4856cb43c93f40cbe80f7f95bb5da94971b39c7f54b3a9c"},
    {file = "cffi-1.14.1-cp35-cp35m-win32.whl", hash = "sha256:c991112622baee0ae4d55c008380c32ecfd0ad417bcd0417ba432e6ba7328caa"},
    {file = "cffi-1.14.1-cp35-cp35m-win_amd64.whl", hash = "sha256:fcf32bf76dc25e30ed793145a57426064520890d7c02866eb93d3e4abe516948"},
    {file = "cffi-1.14.1-cp36-cp36m-macosx_10_9_x86_64.whl", hash = "sha256:f960375e9823ae6a07072ff7f8a85954e5a6434f97869f50d0e41649a1c8144f"},
    {file = "cffi-1.14.1-cp36-cp36m-manylinux1_i686.whl", hash = "sha256:a6d28e7f14ecf3b2ad67c4f106841218c8ab12a0683b1528534a6c87d2307af3"},
    {file = "cffi-1.14.1-cp36-cp36m-manylinux1_x86_64.whl", hash = "sha256:cda422d54ee7905bfc53ee6915ab68fe7b230cacf581110df4272ee10462aadc"},
    {file = "cffi-1.14.1-cp36-cp36m-win32.whl", hash = "sha256:4a03416915b82b81af5502459a8a9dd62a3c299b295dcdf470877cb948d655f2"},
    {file = "cffi-1.14.1-cp36-cp36m-win_amd64.whl", hash = "sha256:4ce1e995aeecf7cc32380bc11598bfdfa017d592259d5da00fc7ded11e61d022"},
    {file = "cffi-1.14.1-cp37-cp37m-macosx_10_9_x86_64.whl", hash = "sha256:e23cb7f1d8e0f93addf0cae3c5b6f00324cccb4a7949ee558d7b6ca973ab8ae9"},
    {file = "cffi-1.14.1-cp37-cp37m-manylinux1_i686.whl", hash = "sha256:ddff0b2bd7edcc8c82d1adde6dbbf5e60d57ce985402541cd2985c27f7bec2a0"},
    {file = "cffi-1.14.1-cp37-cp37m-manylinux1_x86_64.whl", hash = "sha256:f90c2267101010de42f7273c94a1f026e56cbc043f9330acd8a80e64300aba33"},
    {file = "cffi-1.14.1-cp37-cp37m-win32.whl", hash = "sha256:3cd2c044517f38d1b577f05927fb9729d3396f1d44d0c659a445599e79519792"},
    {file = "cffi-1.14.1-cp37-cp37m-win_amd64.whl", hash = "sha256:4fa72a52a906425416f41738728268072d5acfd48cbe7796af07a923236bcf96"},
    {file = "cffi-1.14.1-cp38-cp38-macosx_10_9_x86_64.whl", hash = "sha256:267adcf6e68d77ba154334a3e4fc921b8e63cbb38ca00d33d40655d4228502bc"},
    {file = "cffi-1.14.1-cp38-cp38-manylinux1_i686.whl", hash = "sha256:d3148b6ba3923c5850ea197a91a42683f946dba7e8eb82dfa211ab7e708de939"},
    {file = "cffi-1.14.1-cp38-cp38-manylinux1_x86_64.whl", hash = "sha256:98be759efdb5e5fa161e46d404f4e0ce388e72fbf7d9baf010aff16689e22abe"},
    {file = "cffi-1.14.1-cp38-cp38-win32.whl", hash = "sha256:6923d077d9ae9e8bacbdb1c07ae78405a9306c8fd1af13bfa06ca891095eb995"},
    {file = "cffi-1.14.1-cp38-cp38-win_amd64.whl", hash = "sha256:b1d6ebc891607e71fd9da71688fcf332a6630b7f5b7f5549e6e631821c0e5d90"},
    {file = "cffi-1.14.1.tar.gz", hash = "sha256:b2a2b0d276a136146e012154baefaea2758ef1f56ae9f4e01c612b0831e0bd2f"},
]
pycparser = [
    {file = "pycparser-2.20-py2.py3-none-any.whl", hash = "sha256:7582ad22678f0fcd81102833f60ef8d0e57288b6b5fb00323d101be910e35705"},
    {file = "pycparser-2.20.tar.gz", hash = "sha256:2d475327684562c3a96cc71adf7dc8c4f0565175cf86b6d7a404ff4c771f15f0"},
]
pygit2 = [
    {file = "pygit2-1.2.1-cp36-cp36m-macosx_10_9_x86_64.whl", hash = "sha256:ea756028a8a3e94ee814054e61ad1680abecc51de7281b5184ee2a3b38db836c"},
    {file = "pygit2-1.2.1-cp36-cp36m-manylinux2010_x86_64.whl", hash = "sha256:9252ee6f728e8d5b3b0b22545b7a7119d1f4a8e5b2fbe4d074c1913875152392"},
    {file = "pygit2-1.2.1-cp36-cp36m-win32.whl", hash = "sha256:efa6aabfcfada75add98374dc36238069239127f7e1865409047f5ef3f7bee58"},
    {file = "pygit2-1.2.1-cp36-cp36m-win_amd64.whl", hash = "sha256:cbd2ae41df7ce4ae911d2c51762f651b78e8b6fc00048ff6065e04448afde147"},
    {file = "pygit2-1.2.1-cp37-cp37m-macosx_10_9_x86_64.whl", hash = "sha256:d42ff6839e756e83ac65c7a4c3eb063e55967450bc9a4ccc8154269a2d59fb9e"},
    {file = "pygit2-1.2.1-cp37-cp37m-manylinux2010_x86_64.whl", hash = "sha256:bbe671ace219bc02ad0a4d83d7611949d7bf4d8f44e91cedc6f03958cff71cc4"},
    {file = "pygit2-1.2.1-cp37-cp37m-win32.whl", hash = "sha256:97a8313cdb8e33dc47c6beef78b0222c23653186377520dc6811d6d276c19d1f"},
    {file = "pygit2-1.2.1-cp37-cp37m-win_amd64.whl", hash = "sha256:a159e2a9ecb397ff85b62199956d932ef4b72375bcaa21090a359ea530a187e5"},
    {file = "pygit2-1.2.1-cp38-cp38-macosx_10_9_x86_64.whl", hash = "sha256:6bf0409149a5cb0863203508d060feea51c32f618e8d9d9d4b910ed3b4edd7bd"},
    {file = "pygit2-1.2.1-cp38-cp38-manylinux2010_x86_64.whl", hash = "sha256:db98476484d40d3372d3626947f66ada85caf6f44837350db180083fdf43551a"},
    {file = "pygit2-1.2.1-cp38-cp38-win32.whl", hash = "sha256:efe14d916a75ea50c122bf12478d67b52c2e0c8e3f59d7b64e3b5b560eb60bc0"},
    {file = "pygit2-1.2.1-cp38-cp38-win_amd64.whl", hash = "sha256:44f55b92ca386ff4823be302354de6627634f7a916d590cae4543376b190cafb"},
    {file = "pygit2-1.2.1.tar.gz", hash = "sha256:de9421118a99c79cbba1e512d60e5caed1d63273ce30a0e8d4edef4a2e500387"},
]
