# Generated with dmenv 0.4.2, python 3.6.7, on Linux
apipkg==1.5
asn1crypto==0.24.0
atomicwrites==1.2.1
attrs==18.2.0
bleach==3.0.2
certifi==2018.10.15
cffi==1.11.5
chardet==3.0.4
Click==7.0
cli-ui==0.8.0b1
colorama==0.4.0
colored-traceback==0.3.0
coverage==4.5.1
cryptography==2.3.1
docutils==0.14
execnet==1.5.0
flake8==3.5.0
flake8-comprehensions==1.4.1
github3.py==1.2.0
idna==2.7
importlib-metadata==0.6
Jinja2==2.10
jwcrypto==0.6.0
livereload==2.5.2
Markdown==3.0.1
MarkupSafe==1.1.0
mccabe==0.6.1
mkdocs==1.0.4
mock==2.0.0
more-itertools==4.3.0
mypy==0.630
mypy-extensions==0.4.1
path.py==11.5.0
pbr==5.1.1
pkginfo==1.4.2
pluggy==0.7.1
py==1.7.0
pycodestyle==2.3.1
pycparser==2.19
pyflakes==1.6.0
Pygments==2.2.0
pyparsing==2.3.0
pytest==3.8.1
pytest-cov==2.6.0
pytest-forked==0.2
pytest-sugar==0.9.1
pytest-xdist==1.23.2
python-dateutil==2.7.5
python-gitlab==1.6.0
PyYAML==3.13
readme-renderer==24.0
requests==2.20.0
requests-toolbelt==0.8.0
ruamel.yaml==0.15.76
schema==0.6.8
six==1.11.0
tabulate==0.8.2
termcolor==1.1.0
tornado==5.1.1
tqdm==4.28.1
twine==1.12.1
typed-ast==1.1.0
Unidecode==1.0.22
uritemplate==3.0.0
urllib3==1.24.1
webencodings==0.5.1
xdg==3.0.2
